PODS:
  - Flutter (1.0.0)
  - libtdjson (0.2.0)
  - path_provider (0.0.1):
    - Flutter
  - "permission_handler (5.1.0+2)":
    - Flutter
  - tdlib (0.0.1):
    - Flutter
    - libtdjson

DEPENDENCIES:
  - Flutter (from `Flutter`)
  - path_provider (from `.symlinks/plugins/path_provider/ios`)
  - permission_handler (from `.symlinks/plugins/permission_handler/ios`)
  - tdlib (from `.symlinks/plugins/tdlib/ios`)

SPEC REPOS:
  trunk:
    - libtdjson

EXTERNAL SOURCES:
  Flutter:
    :path: Flutter
  path_provider:
    :path: ".symlinks/plugins/path_provider/ios"
  permission_handler:
    :path: ".symlinks/plugins/permission_handler/ios"
  tdlib:
    :path: ".symlinks/plugins/tdlib/ios"

SPEC CHECKSUMS:
  Flutter: 434fef37c0980e73bb6479ef766c45957d4b510c
  libtdjson: 0b419e64226ed7c2698e2e27873a2074292767cf
  path_provider: abfe2b5c733d04e238b0d8691db0cfd63a27a93c
  permission_handler: ccb20a9fad0ee9b1314a52b70b76b473c5f8dab0
  tdlib: 1640a51f97ac1e384ce6cef6eba7a41678ebb83c

PODFILE CHECKSUM: aafe91acc616949ddb318b77800a7f51bffa2a4c

COCOAPODS: 1.10.1
